
Microsoft Visual Studio Solution File, Format Version 12.00
# Visual Studio 2012
Project("{FAE04EC0-301F-11D3-BF4B-00C04F79EFBC}") = "Engine", "Engine\Engine.csproj", "{BD09B2F0-919F-4636-A0EB-216EB7735238}"
EndProject
Project("{FAE04EC0-301F-11D3-BF4B-00C04F79EFBC}") = "UnitTestProject1", "UnitTestProject1\UnitTestProject1.csproj", "{8DD4D5B4-306A-4C3A-B7B1-ECEF3E633E61}"
EndProject
Global
	GlobalSection(SolutionConfigurationPlatforms) = preSolution
		Debug|Any CPU = Debug|Any CPU
		Debug|x86 = Debug|x86
		Release|Any CPU = Release|Any CPU
		Release|x86 = Release|x86
	EndGlobalSection
	GlobalSection(ProjectConfigurationPlatforms) = postSolution
		{BD09B2F0-919F-4636-A0EB-216EB7735238}.Debug|Any CPU.ActiveCfg = Debug|x86
		{BD09B2F0-919F-4636-A0EB-216EB7735238}.Debug|Any CPU.Build.0 = Debug|x86
		{BD09B2F0-919F-4636-A0EB-216EB7735238}.Debug|x86.ActiveCfg = Debug|x86
		{BD09B2F0-919F-4636-A0EB-216EB7735238}.Debug|x86.Build.0 = Debug|x86
		{BD09B2F0-919F-4636-A0EB-216EB7735238}.Release|Any CPU.ActiveCfg = Release|Any CPU
		{BD09B2F0-919F-4636-A0EB-216EB7735238}.Release|Any CPU.Build.0 = Release|Any CPU
		{BD09B2F0-919F-4636-A0EB-216EB7735238}.Release|x86.ActiveCfg = Release|x86
		{BD09B2F0-919F-4636-A0EB-216EB7735238}.Release|x86.Build.0 = Release|x86
		{8DD4D5B4-306A-4C3A-B7B1-ECEF3E633E61}.Debug|Any CPU.ActiveCfg = Debug|x86
		{8DD4D5B4-306A-4C3A-B7B1-ECEF3E633E61}.Debug|Any CPU.Build.0 = Debug|x86
		{8DD4D5B4-306A-4C3A-B7B1-ECEF3E633E61}.Debug|x86.ActiveCfg = Debug|Any CPU
		{8DD4D5B4-306A-4C3A-B7B1-ECEF3E633E61}.Release|Any CPU.ActiveCfg = Release|Any CPU
		{8DD4D5B4-306A-4C3A-B7B1-ECEF3E633E61}.Release|Any CPU.Build.0 = Release|Any CPU
		{8DD4D5B4-306A-4C3A-B7B1-ECEF3E633E61}.Release|x86.ActiveCfg = Release|Any CPU
	EndGlobalSection
	GlobalSection(SolutionProperties) = preSolution
		HideSolutionNode = FALSE
	EndGlobalSection
EndGlobal
